
Microsoft Visual Studio Solution File, Format Version 12.00
# Visual Studio Version 16
VisualStudioVersion = 16.0.32228.343
MinimumVisualStudioVersion = 10.0.40219.1
Project("{FAE04EC0-301F-11D3-BF4B-00C04F79EFBC}") = "AutosEF2022", "AutoEF2022\AutosEF2022.csproj", "{9818FA06-836B-48E8-8E68-6F8BC9B56441}"
EndProject
Global
	GlobalSection(SolutionConfigurationPlatforms) = preSolution
		Debug|Any CPU = Debug|Any CPU
		Release|Any CPU = Release|Any CPU
	EndGlobalSection
	GlobalSection(ProjectConfigurationPlatforms) = postSolution
		{9818FA06-836B-48E8-8E68-6F8BC9B56441}.Debug|Any CPU.ActiveCfg = Debug|Any CPU
		{9818FA06-836B-48E8-8E68-6F8BC9B56441}.Debug|Any CPU.Build.0 = Debug|Any CPU
		{9818FA06-836B-48E8-8E68-6F8BC9B56441}.Release|Any CPU.ActiveCfg = Release|Any CPU
		{9818FA06-836B-48E8-8E68-6F8BC9B56441}.Release|Any CPU.Build.0 = Release|Any CPU
	EndGlobalSection
	GlobalSection(SolutionProperties) = preSolution
		HideSolutionNode = FALSE
	EndGlobalSection
	GlobalSection(ExtensibilityGlobals) = postSolution
		SolutionGuid = {CE0D4E18-0EF3-453A-BBB4-82050A1982AB}
	EndGlobalSection
EndGlobal
